// !$*UTF8*$!
{
	archiveVersion = 1;
	classes = {
	};
	objectVersion = 46;
	objects = {

/* Begin PBXBuildFile section */
		3D408F761A5E98C500B9096D /* main.m in Sources */ = {isa = PBXBuildFile; fileRef = 3D408F751A5E98C500B9096D /* main.m */; };
		3D408F791A5E98C500B9096D /* AppDelegate.m in Sources */ = {isa = PBXBuildFile; fileRef = 3D408F781A5E98C500B9096D /* AppDelegate.m */; };
		3D408F7C1A5E98C500B9096D /* ViewController.m in Sources */ = {isa = PBXBuildFile; fileRef = 3D408F7B1A5E98C500B9096D /* ViewController.m */; };
		3D408F7F1A5E98C500B9096D /* Main.storyboard in Resources */ = {isa = PBXBuildFile; fileRef = 3D408F7D1A5E98C500B9096D /* Main.storyboard */; };
		3D408F811A5E98C500B9096D /* Images.xcassets in Resources */ = {isa = PBXBuildFile; fileRef = 3D408F801A5E98C500B9096D /* Images.xcassets */; };
		3D408F841A5E98C500B9096D /* LaunchScreen.xib in Resources */ = {isa = PBXBuildFile; fileRef = 3D408F821A5E98C500B9096D /* LaunchScreen.xib */; };
		3D408F901A5E98C500B9096D /* MDCircularProgressBar_DemoTests.m in Sources */ = {isa = PBXBuildFile; fileRef = 3D408F8F1A5E98C500B9096D /* MDCircularProgressBar_DemoTests.m */; };
		3D408F9C1A5E994A00B9096D /* MDCircularProgressBar.m in Sources */ = {isa = PBXBuildFile; fileRef = 3D408F9B1A5E994A00B9096D /* MDCircularProgressBar.m */; };
/* End PBXBuildFile section */

/* Begin PBXContainerItemProxy section */
		3D408F8A1A5E98C500B9096D /* PBXContainerItemProxy */ = {
			isa = PBXContainerItemProxy;
			containerPortal = 3D408F681A5E98C500B9096D /* Project object */;
			proxyType = 1;
			remoteGlobalIDString = 3D408F6F1A5E98C500B9096D;
			remoteInfo = "MDCircularProgressBar Demo";
		};
/* End PBXContainerItemProxy section */

/* Begin PBXFileReference section */
		3D408F701A5E98C500B9096D /* MDCircularProgressBar Demo.app */ = {isa = PBXFileReference; explicitFileType = wrapper.application; includeInIndex = 0; path = "MDCircularProgressBar Demo.app"; sourceTree = BUILT_PRODUCTS_DIR; };
		3D408F741A5E98C500B9096D /* Info.plist */ = {isa = PBXFileReference; lastKnownFileType = text.plist.xml; path = Info.plist; sourceTree = "<group>"; };
		3D408F751A5E98C500B9096D /* main.m */ = {isa = PBXFileReference; lastKnownFileType = sourcecode.c.objc; path = main.m; sourceTree = "<group>"; };
		3D408F771A5E98C500B9096D /* AppDelegate.h */ = {isa = PBXFileReference; lastKnownFileType = sourcecode.c.h; path = AppDelegate.h; sourceTree = "<group>"; };
		3D408F781A5E98C500B9096D /* AppDelegate.m */ = {isa = PBXFileReference; lastKnownFileType = sourcecode.c.objc; path = AppDelegate.m; sourceTree = "<group>"; };
		3D408F7A1A5E98C500B9096D /* ViewController.h */ = {isa = PBXFileReference; lastKnownFileType = sourcecode.c.h; path = ViewController.h; sourceTree = "<group>"; };
		3D408F7B1A5E98C500B9096D /* ViewController.m */ = {isa = PBXFileReference; lastKnownFileType = sourcecode.c.objc; path = ViewController.m; sourceTree = "<group>"; };
		3D408F7E1A5E98C500B9096D /* Base */ = {isa = PBXFileReference; lastKnownFileType = file.storyboard; name = Base; path = Base.lproj/Main.storyboard; sourceTree = "<group>"; };
		3D408F801A5E98C500B9096D /* Images.xcassets */ = {isa = PBXFileReference; lastKnownFileType = folder.assetcatalog; path = Images.xcassets; sourceTree = "<group>"; };
		3D408F831A5E98C500B9096D /* Base */ = {isa = PBXFileReference; lastKnownFileType = file.xib; name = Base; path = Base.lproj/LaunchScreen.xib; sourceTree = "<group>"; };
		3D408F891A5E98C500B9096D /* MDCircularProgressBar DemoTests.xctest */ = {isa = PBXFileReference; explicitFileType = wrapper.cfbundle; includeInIndex = 0; path = "MDCircularProgressBar DemoTests.xctest"; sourceTree = BUILT_PRODUCTS_DIR; };
		3D408F8E1A5E98C500B9096D /* Info.plist */ = {isa = PBXFileReference; lastKnownFileType = text.plist.xml; path = Info.plist; sourceTree = "<group>"; };
		3D408F8F1A5E98C500B9096D /* MDCircularProgressBar_DemoTests.m */ = {isa = PBXFileReference; lastKnownFileType = sourcecode.c.objc; path = MDCircularProgressBar_DemoTests.m; sourceTree = "<group>"; };
		3D408F9A1A5E994A00B9096D /* MDCircularProgressBar.h */ = {isa = PBXFileReference; fileEncoding = 4; lastKnownFileType = sourcecode.c.h; path = MDCircularProgressBar.h; sourceTree = "<group>"; };
		3D408F9B1A5E994A00B9096D /* MDCircularProgressBar.m */ = {isa = PBXFileReference; fileEncoding = 4; lastKnownFileType = sourcecode.c.objc; path = MDCircularProgressBar.m; sourceTree = "<group>"; };
/* End PBXFileReference section */

/* Begin PBXFrameworksBuildPhase section */
		3D408F6D1A5E98C500B9096D /* Frameworks */ = {
			isa = PBXFrameworksBuildPhase;
			buildActionMask = 2147483647;
			files = (
			);
			runOnlyForDeploymentPostprocessing = 0;
		};
		3D408F861A5E98C500B9096D /* Frameworks */ = {
			isa = PBXFrameworksBuildPhase;
			buildActionMask = 2147483647;
			files = (
			);
			runOnlyForDeploymentPostprocessing = 0;
		};
/* End PBXFrameworksBuildPhase section */

/* Begin PBXGroup section */
		3D408F671A5E98C500B9096D = {
			isa = PBXGroup;
			children = (
				3D408F991A5E991A00B9096D /* Classes */,
				3D408F721A5E98C500B9096D /* MDCircularProgressBar Demo */,
				3D408F8C1A5E98C500B9096D /* MDCircularProgressBar DemoTests */,
				3D408F711A5E98C500B9096D /* Products */,
			);
			sourceTree = "<group>";
		};
		3D408F711A5E98C500B9096D /* Products */ = {
			isa = PBXGroup;
			children = (
				3D408F701A5E98C500B9096D /* MDCircularProgressBar Demo.app */,
				3D408F891A5E98C500B9096D /* MDCircularProgressBar DemoTests.xctest */,
			);
			name = Products;
			sourceTree = "<group>";
		};
		3D408F721A5E98C500B9096D /* MDCircularProgressBar Demo */ = {
			isa = PBXGroup;
			children = (
				3D408F771A5E98C500B9096D /* AppDelegate.h */,
				3D408F781A5E98C500B9096D /* AppDelegate.m */,
				3D408F7A1A5E98C500B9096D /* ViewController.h */,
				3D408F7B1A5E98C500B9096D /* ViewController.m */,
				3D408F7D1A5E98C500B9096D /* Main.storyboard */,
				3D408F801A5E98C500B9096D /* Images.xcassets */,
				3D408F821A5E98C500B9096D /* LaunchScreen.xib */,
				3D408F731A5E98C500B9096D /* Supporting Files */,
			);
			path = "MDCircularProgressBar Demo";
			sourceTree = "<group>";
		};
		3D408F731A5E98C500B9096D /* Supporting Files */ = {
			isa = PBXGroup;
			children = (
				3D408F741A5E98C500B9096D /* Info.plist */,
				3D408F751A5E98C500B9096D /* main.m */,
			);
			name = "Supporting Files";
			sourceTree = "<group>";
		};
		3D408F8C1A5E98C500B9096D /* MDCircularProgressBar DemoTests */ = {
			isa = PBXGroup;
			children = (
				3D408F8F1A5E98C500B9096D /* MDCircularProgressBar_DemoTests.m */,
				3D408F8D1A5E98C500B9096D /* Supporting Files */,
			);
			path = "MDCircularProgressBar DemoTests";
			sourceTree = "<group>";
		};
		3D408F8D1A5E98C500B9096D /* Supporting Files */ = {
			isa = PBXGroup;
			children = (
				3D408F8E1A5E98C500B9096D /* Info.plist */,
			);
			name = "Supporting Files";
			sourceTree = "<group>";
		};
		3D408F991A5E991A00B9096D /* Classes */ = {
			isa = PBXGroup;
			children = (
				3D408F9A1A5E994A00B9096D /* MDCircularProgressBar.h */,
				3D408F9B1A5E994A00B9096D /* MDCircularProgressBar.m */,
			);
			name = Classes;
			path = ../Classes;
			sourceTree = "<group>";
		};
/* End PBXGroup section */

/* Begin PBXNativeTarget section */
		3D408F6F1A5E98C500B9096D /* MDCircularProgressBar Demo */ = {
			isa = PBXNativeTarget;
			buildConfigurationList = 3D408F931A5E98C500B9096D /* Build configuration list for PBXNativeTarget "MDCircularProgressBar Demo" */;
			buildPhases = (
				3D408F6C1A5E98C500B9096D /* Sources */,
				3D408F6D1A5E98C500B9096D /* Frameworks */,
				3D408F6E1A5E98C500B9096D /* Resources */,
			);
			buildRules = (
			);
			dependencies = (
			);
			name = "MDCircularProgressBar Demo";
			productName = "MDCircularProgressBar Demo";
			productReference = 3D408F701A5E98C500B9096D /* MDCircularProgressBar Demo.app */;
			productType = "com.apple.product-type.application";
		};
		3D408F881A5E98C500B9096D /* MDCircularProgressBar DemoTests */ = {
			isa = PBXNativeTarget;
			buildConfigurationList = 3D408F961A5E98C500B9096D /* Build configuration list for PBXNativeTarget "MDCircularProgressBar DemoTests" */;
			buildPhases = (
				3D408F851A5E98C500B9096D /* Sources */,
				3D408F861A5E98C500B9096D /* Frameworks */,
				3D408F871A5E98C500B9096D /* Resources */,
			);
			buildRules = (
			);
			dependencies = (
				3D408F8B1A5E98C500B9096D /* PBXTargetDependency */,
			);
			name = "MDCircularProgressBar DemoTests";
			productName = "MDCircularProgressBar DemoTests";
			productReference = 3D408F891A5E98C500B9096D /* MDCircularProgressBar DemoTests.xctest */;
			productType = "com.apple.product-type.bundle.unit-test";
		};
/* End PBXNativeTarget section */

/* Begin PBXProject section */
		3D408F681A5E98C500B9096D /* Project object */ = {
			isa = PBXProject;
			attributes = {
				LastUpgradeCheck = 0610;
				ORGANIZATIONNAME = "mohamed mohamed El Dehairy";
				TargetAttributes = {
					3D408F6F1A5E98C500B9096D = {
						CreatedOnToolsVersion = 6.1.1;
					};
					3D408F881A5E98C500B9096D = {
						CreatedOnToolsVersion = 6.1.1;
						TestTargetID = 3D408F6F1A5E98C500B9096D;
					};
				};
			};
			buildConfigurationList = 3D408F6B1A5E98C500B9096D /* Build configuration list for PBXProject "MDCircularProgressBar Demo" */;
			compatibilityVersion = "Xcode 3.2";
			developmentRegion = English;
			hasScannedForEncodings = 0;
			knownRegions = (
				en,
				Base,
			);
			mainGroup = 3D408F671A5E98C500B9096D;
			productRefGroup = 3D408F711A5E98C500B9096D /* Products */;
			projectDirPath = "";
			projectRoot = "";
			targets = (
				3D408F6F1A5E98C500B9096D /* MDCircularProgressBar Demo */,
				3D408F881A5E98C500B9096D /* MDCircularProgressBar DemoTests */,
			);
		};
/* End PBXProject section */

/* Begin PBXResourcesBuildPhase section */
		3D408F6E1A5E98C500B9096D /* Resources */ = {
			isa = PBXResourcesBuildPhase;
			buildActionMask = 2147483647;
			files = (
				3D408F7F1A5E98C500B9096D /* Main.storyboard in Resources */,
				3D408F841A5E98C500B9096D /* LaunchScreen.xib in Resources */,
				3D408F811A5E98C500B9096D /* Images.xcassets in Resources */,
			);
			runOnlyForDeploymentPostprocessing = 0;
		};
		3D408F871A5E98C500B9096D /* Resources */ = {
			isa = PBXResourcesBuildPhase;
			buildActionMask = 2147483647;
			files = (
			);
			runOnlyForDeploymentPostprocessing = 0;
		};
/* End PBXResourcesBuildPhase section */

/* Begin PBXSourcesBuildPhase section */
		3D408F6C1A5E98C500B9096D /* Sources */ = {
			isa = PBXSourcesBuildPhase;
			buildActionMask = 2147483647;
			files = (
				3D408F7C1A5E98C500B9096D /* ViewController.m in Sources */,
				3D408F791A5E98C500B9096D /* AppDelegate.m in Sources */,
				3D408F9C1A5E994A00B9096D /* MDCircularProgressBar.m in Sources */,
				3D408F761A5E98C500B9096D /* main.m in Sources */,
			);
			runOnlyForDeploymentPostprocessing = 0;
		};
		3D408F851A5E98C500B9096D /* Sources */ = {
			isa = PBXSourcesBuildPhase;
			buildActionMask = 2147483647;
			files = (
				3D408F901A5E98C500B9096D /* MDCircularProgressBar_DemoTests.m in Sources */,
			);
			runOnlyForDeploymentPostprocessing = 0;
		};
/* End PBXSourcesBuildPhase section */

/* Begin PBXTargetDependency section */
		3D408F8B1A5E98C500B9096D /* PBXTargetDependency */ = {
			isa = PBXTargetDependency;
			target = 3D408F6F1A5E98C500B9096D /* MDCircularProgressBar Demo */;
			targetProxy = 3D408F8A1A5E98C500B9096D /* PBXContainerItemProxy */;
		};
/* End PBXTargetDependency section */

/* Begin PBXVariantGroup section */
		3D408F7D1A5E98C500B9096D /* Main.storyboard */ = {
			isa = PBXVariantGroup;
			children = (
				3D408F7E1A5E98C500B9096D /* Base */,
			);
			name = Main.storyboard;
			sourceTree = "<group>";
		};
		3D408F821A5E98C500B9096D /* LaunchScreen.xib */ = {
			isa = PBXVariantGroup;
			children = (
				3D408F831A5E98C500B9096D /* Base */,
			);
			name = LaunchScreen.xib;
			sourceTree = "<group>";
		};
/* End PBXVariantGroup section */

/* Begin XCBuildConfiguration section */
		3D408F911A5E98C500B9096D /* Debug */ = {
			isa = XCBuildConfiguration;
			buildSettings = {
				ALWAYS_SEARCH_USER_PATHS = NO;
				CLANG_CXX_LANGUAGE_STANDARD = "gnu++0x";
				CLANG_CXX_LIBRARY = "libc++";
				CLANG_ENABLE_MODULES = YES;
				CLANG_ENABLE_OBJC_ARC = YES;
				CLANG_WARN_BOOL_CONVERSION = YES;
				CLANG_WARN_CONSTANT_CONVERSION = YES;
				CLANG_WARN_DIRECT_OBJC_ISA_USAGE = YES_ERROR;
				CLANG_WARN_EMPTY_BODY = YES;
				CLANG_WARN_ENUM_CONVERSION = YES;
				CLANG_WARN_INT_CONVERSION = YES;
				CLANG_WARN_OBJC_ROOT_CLASS = YES_ERROR;
				CLANG_WARN_UNREACHABLE_CODE = YES;
				CLANG_WARN__DUPLICATE_METHOD_MATCH = YES;
				"CODE_SIGN_IDENTITY[sdk=iphoneos*]" = "iPhone Developer";
				COPY_PHASE_STRIP = NO;
				ENABLE_STRICT_OBJC_MSGSEND = YES;
				GCC_C_LANGUAGE_STANDARD = gnu99;
				GCC_DYNAMIC_NO_PIC = NO;
				GCC_OPTIMIZATION_LEVEL = 0;
				GCC_PREPROCESSOR_DEFINITIONS = (
					"DEBUG=1",
					"$(inherited)",
				);
				GCC_SYMBOLS_PRIVATE_EXTERN = NO;
				GCC_WARN_64_TO_32_BIT_CONVERSION = YES;
				GCC_WARN_ABOUT_RETURN_TYPE = YES_ERROR;
				GCC_WARN_UNDECLARED_SELECTOR = YES;
				GCC_WARN_UNINITIALIZED_AUTOS = YES_AGGRESSIVE;
				GCC_WARN_UNUSED_FUNCTION = YES;
				GCC_WARN_UNUSED_VARIABLE = YES;
				IPHONEOS_DEPLOYMENT_TARGET = 8.1;
				MTL_ENABLE_DEBUG_INFO = YES;
				ONLY_ACTIVE_ARCH = YES;
				SDKROOT = iphoneos;
				TARGETED_DEVICE_FAMILY = "1,2";
			};
			name = Debug;
		};
		3D408F921A5E98C500B9096D /* Release */ = {
			isa = XCBuildConfiguration;
			buildSettings = {
				ALWAYS_SEARCH_USER_PATHS = NO;
				CLANG_CXX_LANGUAGE_STANDARD = "gnu++0x";
				CLANG_CXX_LIBRARY = "libc++";
				CLANG_ENABLE_MODULES = YES;
				CLANG_ENABLE_OBJC_ARC = YES;
				CLANG_WARN_BOOL_CONVERSION = YES;
				CLANG_WARN_CONSTANT_CONVERSION = YES;
				CLANG_WARN_DIRECT_OBJC_ISA_USAGE = YES_ERROR;
				CLANG_WARN_EMPTY_BODY = YES;
				CLANG_WARN_ENUM_CONVERSION = YES;
				CLANG_WARN_INT_CONVERSION = YES;
				CLANG_WARN_OBJC_ROOT_CLASS = YES_ERROR;
				CLANG_WARN_UNREACHABLE_CODE = YES;
				CLANG_WARN__DUPLICATE_METHOD_MATCH = YES;
				"CODE_SIGN_IDENTITY[sdk=iphoneos*]" = "iPhone Developer";
				COPY_PHASE_STRIP = YES;
				ENABLE_NS_ASSERTIONS = NO;
				ENABLE_STRICT_OBJC_MSGSEND = YES;
				GCC_C_LANGUAGE_STANDARD = gnu99;
				GCC_WARN_64_TO_32_BIT_CONVERSION = YES;
				GCC_WARN_ABOUT_RETURN_TYPE = YES_ERROR;
				GCC_WARN_UNDECLARED_SELECTOR = YES;
				GCC_WARN_UNINITIALIZED_AUTOS = YES_AGGRESSIVE;
				GCC_WARN_UNUSED_FUNCTION = YES;
				GCC_WARN_UNUSED_VARIABLE = YES;
				IPHONEOS_DEPLOYMENT_TARGET = 8.1;
				MTL_ENABLE_DEBUG_INFO = NO;
				SDKROOT = iphoneos;
				TARGETED_DEVICE_FAMILY = "1,2";
				VALIDATE_PRODUCT = YES;
			};
			name = Release;
		};
		3D408F941A5E98C500B9096D /* Debug */ = {
			isa = XCBuildConfiguration;
			buildSettings = {
				ASSETCATALOG_COMPILER_APPICON_NAME = AppIcon;
				INFOPLIST_FILE = "MDCircularProgressBar Demo/Info.plist";
				LD_RUNPATH_SEARCH_PATHS = "$(inherited) @executable_path/Frameworks";
				PRODUCT_NAME = "$(TARGET_NAME)";
			};
			name = Debug;
		};
		3D408F951A5E98C500B9096D /* Release */ = {
			isa = XCBuildConfiguration;
			buildSettings = {
				ASSETCATALOG_COMPILER_APPICON_NAME = AppIcon;
				INFOPLIST_FILE = "MDCircularProgressBar Demo/Info.plist";
				LD_RUNPATH_SEARCH_PATHS = "$(inherited) @executable_path/Frameworks";
				PRODUCT_NAME = "$(TARGET_NAME)";
			};
			name = Release;
		};
		3D408F971A5E98C500B9096D /* Debug */ = {
			isa = XCBuildConfiguration;
			buildSettings = {
				BUNDLE_LOADER = "$(TEST_HOST)";
				FRAMEWORK_SEARCH_PATHS = (
					"$(SDKROOT)/Developer/Library/Frameworks",
					"$(inherited)",
				);
				GCC_PREPROCESSOR_DEFINITIONS = (
					"DEBUG=1",
					"$(inherited)",
				);
				INFOPLIST_FILE = "MDCircularProgressBar DemoTests/Info.plist";
				LD_RUNPATH_SEARCH_PATHS = "$(inherited) @executable_path/Frameworks @loader_path/Frameworks";
				PRODUCT_NAME = "$(TARGET_NAME)";
				TEST_HOST = "$(BUILT_PRODUCTS_DIR)/MDCircularProgressBar Demo.app/MDCircularProgressBar Demo";
			};
			name = Debug;
		};
		3D408F981A5E98C500B9096D /* Release */ = {
			isa = XCBuildConfiguration;
			buildSettings = {
				BUNDLE_LOADER = "$(TEST_HOST)";
				FRAMEWORK_SEARCH_PATHS = (
					"$(SDKROOT)/Developer/Library/Frameworks",
					"$(inherited)",
				);
				INFOPLIST_FILE = "MDCircularProgressBar DemoTests/Info.plist";
				LD_RUNPATH_SEARCH_PATHS = "$(inherited) @executable_path/Frameworks @loader_path/Frameworks";
				PRODUCT_NAME = "$(TARGET_NAME)";
				TEST_HOST = "$(BUILT_PRODUCTS_DIR)/MDCircularProgressBar Demo.app/MDCircularProgressBar Demo";
			};
			name = Release;
		};
/* End XCBuildConfiguration section */

/* Begin XCConfigurationList section */
		3D408F6B1A5E98C500B9096D /* Build configuration list for PBXProject "MDCircularProgressBar Demo" */ = {
			isa = XCConfigurationList;
			buildConfigurations = (
				3D408F911A5E98C500B9096D /* Debug */,
				3D408F921A5E98C500B9096D /* Release */,
			);
			defaultConfigurationIsVisible = 0;
			defaultConfigurationName = Release;
		};
		3D408F931A5E98C500B9096D /* Build configuration list for PBXNativeTarget "MDCircularProgressBar Demo" */ = {
			isa = XCConfigurationList;
			buildConfigurations = (
				3D408F941A5E98C500B9096D /* Debug */,
				3D408F951A5E98C500B9096D /* Release */,
			);
			defaultConfigurationIsVisible = 0;
			defaultConfigurationName = Release;
		};
		3D408F961A5E98C500B9096D /* Build configuration list for PBXNativeTarget "MDCircularProgressBar DemoTests" */ = {
			isa = XCConfigurationList;
			buildConfigurations = (
				3D408F971A5E98C500B9096D /* Debug */,
				3D408F981A5E98C500B9096D /* Release */,
			);
			defaultConfigurationIsVisible = 0;
			defaultConfigurationName = Release;
		};
/* End XCConfigurationList section */
	};
	rootObject = 3D408F681A5E98C500B9096D /* Project object */;
}
